// !$*UTF8*$!
{
	archiveVersion = 1;
	classes = {
	};
	objectVersion = 51;
	objects = {

/* Begin PBXBuildFile section */
		39D1270785D9ED44F1F80EA8 /* Pods_AdsWrapperSDKExample.framework in Frameworks */ = {isa = PBXBuildFile; fileRef = A918A28B3F10633E146297A9 /* Pods_AdsWrapperSDKExample.framework */; };
		AC4B860027AD010E00299B29 /* MultipleAdsViewController.swift in Sources */ = {isa = PBXBuildFile; fileRef = AC4B85FF27AD010E00299B29 /* MultipleAdsViewController.swift */; };
		AC8FC4C527B0F20B00FBD1CA /* GroupBannerCell.swift in Sources */ = {isa = PBXBuildFile; fileRef = AC8FC4C327B0F20B00FBD1CA /* GroupBannerCell.swift */; };
		AC8FC4C627B0F20B00FBD1CA /* GroupBannerCell.xib in Resources */ = {isa = PBXBuildFile; fileRef = AC8FC4C427B0F20B00FBD1CA /* GroupBannerCell.xib */; };
		ACC902E227AD0BFE00B1DFBF /* InfoCell.swift in Sources */ = {isa = PBXBuildFile; fileRef = ACC902E027AD0BFE00B1DFBF /* InfoCell.swift */; };
		ACC902E327AD0BFE00B1DFBF /* InfoCell.xib in Resources */ = {isa = PBXBuildFile; fileRef = ACC902E127AD0BFE00B1DFBF /* InfoCell.xib */; };
		ACC902E627AD0C1300B1DFBF /* BannerCell.swift in Sources */ = {isa = PBXBuildFile; fileRef = ACC902E427AD0C1300B1DFBF /* BannerCell.swift */; };
		ACC902E727AD0C1300B1DFBF /* BannerCell.xib in Resources */ = {isa = PBXBuildFile; fileRef = ACC902E527AD0C1300B1DFBF /* BannerCell.xib */; };
		ACCEEA4627A813360090B386 /* AppDelegate.swift in Sources */ = {isa = PBXBuildFile; fileRef = ACCEEA4527A813360090B386 /* AppDelegate.swift */; };
		ACCEEA4827A813360090B386 /* SceneDelegate.swift in Sources */ = {isa = PBXBuildFile; fileRef = ACCEEA4727A813360090B386 /* SceneDelegate.swift */; };
		ACCEEA4A27A813360090B386 /* ViewController.swift in Sources */ = {isa = PBXBuildFile; fileRef = ACCEEA4927A813360090B386 /* ViewController.swift */; };
		ACCEEA4D27A813360090B386 /* Main.storyboard in Resources */ = {isa = PBXBuildFile; fileRef = ACCEEA4B27A813360090B386 /* Main.storyboard */; };
		ACCEEA4F27A813370090B386 /* Assets.xcassets in Resources */ = {isa = PBXBuildFile; fileRef = ACCEEA4E27A813370090B386 /* Assets.xcassets */; };
		ACCEEA5227A813370090B386 /* LaunchScreen.storyboard in Resources */ = {isa = PBXBuildFile; fileRef = ACCEEA5027A813370090B386 /* LaunchScreen.storyboard */; };
/* End PBXBuildFile section */

/* Begin PBXFileReference section */
		A6390A22FC754885A30633CB /* Pods-AdsWrapperSDKExample.debug.xcconfig */ = {isa = PBXFileReference; includeInIndex = 1; lastKnownFileType = text.xcconfig; name = "Pods-AdsWrapperSDKExample.debug.xcconfig"; path = "Target Support Files/Pods-AdsWrapperSDKExample/Pods-AdsWrapperSDKExample.debug.xcconfig"; sourceTree = "<group>"; };
		A918A28B3F10633E146297A9 /* Pods_AdsWrapperSDKExample.framework */ = {isa = PBXFileReference; explicitFileType = wrapper.framework; includeInIndex = 0; path = Pods_AdsWrapperSDKExample.framework; sourceTree = BUILT_PRODUCTS_DIR; };
		AC4B85FF27AD010E00299B29 /* MultipleAdsViewController.swift */ = {isa = PBXFileReference; lastKnownFileType = sourcecode.swift; path = MultipleAdsViewController.swift; sourceTree = "<group>"; };
		AC8FC4C327B0F20B00FBD1CA /* GroupBannerCell.swift */ = {isa = PBXFileReference; fileEncoding = 4; lastKnownFileType = sourcecode.swift; path = GroupBannerCell.swift; sourceTree = "<group>"; };
		AC8FC4C427B0F20B00FBD1CA /* GroupBannerCell.xib */ = {isa = PBXFileReference; fileEncoding = 4; lastKnownFileType = file.xib; path = GroupBannerCell.xib; sourceTree = "<group>"; };
		ACC902E027AD0BFE00B1DFBF /* InfoCell.swift */ = {isa = PBXFileReference; lastKnownFileType = sourcecode.swift; path = InfoCell.swift; sourceTree = "<group>"; };
		ACC902E127AD0BFE00B1DFBF /* InfoCell.xib */ = {isa = PBXFileReference; lastKnownFileType = file.xib; path = InfoCell.xib; sourceTree = "<group>"; };
		ACC902E427AD0C1300B1DFBF /* BannerCell.swift */ = {isa = PBXFileReference; lastKnownFileType = sourcecode.swift; path = BannerCell.swift; sourceTree = "<group>"; };
		ACC902E527AD0C1300B1DFBF /* BannerCell.xib */ = {isa = PBXFileReference; lastKnownFileType = file.xib; path = BannerCell.xib; sourceTree = "<group>"; };
		ACCEEA4227A813360090B386 /* AdsWrapperSDKExample.app */ = {isa = PBXFileReference; explicitFileType = wrapper.application; includeInIndex = 0; path = AdsWrapperSDKExample.app; sourceTree = BUILT_PRODUCTS_DIR; };
		ACCEEA4527A813360090B386 /* AppDelegate.swift */ = {isa = PBXFileReference; lastKnownFileType = sourcecode.swift; path = AppDelegate.swift; sourceTree = "<group>"; };
		ACCEEA4727A813360090B386 /* SceneDelegate.swift */ = {isa = PBXFileReference; lastKnownFileType = sourcecode.swift; path = SceneDelegate.swift; sourceTree = "<group>"; };
		ACCEEA4927A813360090B386 /* ViewController.swift */ = {isa = PBXFileReference; lastKnownFileType = sourcecode.swift; path = ViewController.swift; sourceTree = "<group>"; };
		ACCEEA4C27A813360090B386 /* Base */ = {isa = PBXFileReference; lastKnownFileType = file.storyboard; name = Base; path = Base.lproj/Main.storyboard; sourceTree = "<group>"; };
		ACCEEA4E27A813370090B386 /* Assets.xcassets */ = {isa = PBXFileReference; lastKnownFileType = folder.assetcatalog; path = Assets.xcassets; sourceTree = "<group>"; };
		ACCEEA5127A813370090B386 /* Base */ = {isa = PBXFileReference; lastKnownFileType = file.storyboard; name = Base; path = Base.lproj/LaunchScreen.storyboard; sourceTree = "<group>"; };
		ACCEEA5327A813370090B386 /* Info.plist */ = {isa = PBXFileReference; lastKnownFileType = text.plist.xml; path = Info.plist; sourceTree = "<group>"; };
		B99C854F6406970D848A7687 /* Pods-AdsWrapperSDKExample.release.xcconfig */ = {isa = PBXFileReference; includeInIndex = 1; lastKnownFileType = text.xcconfig; name = "Pods-AdsWrapperSDKExample.release.xcconfig"; path = "Target Support Files/Pods-AdsWrapperSDKExample/Pods-AdsWrapperSDKExample.release.xcconfig"; sourceTree = "<group>"; };
/* End PBXFileReference section */

/* Begin PBXFrameworksBuildPhase section */
		ACCEEA3F27A813360090B386 /* Frameworks */ = {
			isa = PBXFrameworksBuildPhase;
			buildActionMask = 2147483647;
			files = (
				39D1270785D9ED44F1F80EA8 /* Pods_AdsWrapperSDKExample.framework in Frameworks */,
			);
			runOnlyForDeploymentPostprocessing = 0;
		};
/* End PBXFrameworksBuildPhase section */

/* Begin PBXGroup section */
		77BF6C9F95B7C948C58EF308 /* Frameworks */ = {
			isa = PBXGroup;
			children = (
				A918A28B3F10633E146297A9 /* Pods_AdsWrapperSDKExample.framework */,
			);
			name = Frameworks;
			sourceTree = "<group>";
		};
		ACC902DF27AD0BE600B1DFBF /* Cells */ = {
			isa = PBXGroup;
			children = (
				ACC902E027AD0BFE00B1DFBF /* InfoCell.swift */,
				ACC902E127AD0BFE00B1DFBF /* InfoCell.xib */,
				ACC902E427AD0C1300B1DFBF /* BannerCell.swift */,
				ACC902E527AD0C1300B1DFBF /* BannerCell.xib */,
				AC8FC4C327B0F20B00FBD1CA /* GroupBannerCell.swift */,
				AC8FC4C427B0F20B00FBD1CA /* GroupBannerCell.xib */,
			);
			path = Cells;
			sourceTree = "<group>";
		};
		ACCEEA3927A813360090B386 = {
			isa = PBXGroup;
			children = (
				ACCEEA4427A813360090B386 /* AdsWrapperSDKExample */,
				ACCEEA4327A813360090B386 /* Products */,
				E6D7D53C7CD2DFBBD6AE52CC /* Pods */,
				77BF6C9F95B7C948C58EF308 /* Frameworks */,
			);
			sourceTree = "<group>";
		};
		ACCEEA4327A813360090B386 /* Products */ = {
			isa = PBXGroup;
			children = (
				ACCEEA4227A813360090B386 /* AdsWrapperSDKExample.app */,
			);
			name = Products;
			sourceTree = "<group>";
		};
		ACCEEA4427A813360090B386 /* AdsWrapperSDKExample */ = {
			isa = PBXGroup;
			children = (
				ACCEEA4527A813360090B386 /* AppDelegate.swift */,
				ACCEEA4727A813360090B386 /* SceneDelegate.swift */,
				ACCEEA4927A813360090B386 /* ViewController.swift */,
				AC4B85FF27AD010E00299B29 /* MultipleAdsViewController.swift */,
				ACC902DF27AD0BE600B1DFBF /* Cells */,
				ACCEEA4B27A813360090B386 /* Main.storyboard */,
				ACCEEA4E27A813370090B386 /* Assets.xcassets */,
				ACCEEA5027A813370090B386 /* LaunchScreen.storyboard */,
				ACCEEA5327A813370090B386 /* Info.plist */,
			);
			path = AdsWrapperSDKExample;
			sourceTree = "<group>";
		};
		E6D7D53C7CD2DFBBD6AE52CC /* Pods */ = {
			isa = PBXGroup;
			children = (
				A6390A22FC754885A30633CB /* Pods-AdsWrapperSDKExample.debug.xcconfig */,
				B99C854F6406970D848A7687 /* Pods-AdsWrapperSDKExample.release.xcconfig */,
			);
			path = Pods;
			sourceTree = "<group>";
		};
/* End PBXGroup section */

/* Begin PBXNativeTarget section */
		ACCEEA4127A813360090B386 /* AdsWrapperSDKExample */ = {
			isa = PBXNativeTarget;
			buildConfigurationList = ACCEEA5627A813370090B386 /* Build configuration list for PBXNativeTarget "AdsWrapperSDKExample" */;
			buildPhases = (
				24D2C30FDD0DC192AD0F7BB6 /* [CP] Check Pods Manifest.lock */,
				ACCEEA3E27A813360090B386 /* Sources */,
				ACCEEA3F27A813360090B386 /* Frameworks */,
				ACCEEA4027A813360090B386 /* Resources */,
				0636AC23DCA5F9D6A3BBFA56 /* [CP] Embed Pods Frameworks */,
			);
			buildRules = (
			);
			dependencies = (
			);
			name = AdsWrapperSDKExample;
			productName = AdsWrapperSDKExample;
			productReference = ACCEEA4227A813360090B386 /* AdsWrapperSDKExample.app */;
			productType = "com.apple.product-type.application";
		};
/* End PBXNativeTarget section */

/* Begin PBXProject section */
		ACCEEA3A27A813360090B386 /* Project object */ = {
			isa = PBXProject;
			attributes = {
				LastSwiftUpdateCheck = 1250;
				LastUpgradeCheck = 1250;
				TargetAttributes = {
					ACCEEA4127A813360090B386 = {
						CreatedOnToolsVersion = 12.5.1;
					};
				};
			};
			buildConfigurationList = ACCEEA3D27A813360090B386 /* Build configuration list for PBXProject "AdsWrapperSDKExample" */;
			compatibilityVersion = "Xcode 9.3";
			developmentRegion = en;
			hasScannedForEncodings = 0;
			knownRegions = (
				en,
				Base,
			);
			mainGroup = ACCEEA3927A813360090B386;
			productRefGroup = ACCEEA4327A813360090B386 /* Products */;
			projectDirPath = "";
			projectRoot = "";
			targets = (
				ACCEEA4127A813360090B386 /* AdsWrapperSDKExample */,
			);
		};
/* End PBXProject section */

/* Begin PBXResourcesBuildPhase section */
		ACCEEA4027A813360090B386 /* Resources */ = {
			isa = PBXResourcesBuildPhase;
			buildActionMask = 2147483647;
			files = (
				ACCEEA5227A813370090B386 /* LaunchScreen.storyboard in Resources */,
				AC8FC4C627B0F20B00FBD1CA /* GroupBannerCell.xib in Resources */,
				ACC902E327AD0BFE00B1DFBF /* InfoCell.xib in Resources */,
				ACCEEA4F27A813370090B386 /* Assets.xcassets in Resources */,
				ACCEEA4D27A813360090B386 /* Main.storyboard in Resources */,
				ACC902E727AD0C1300B1DFBF /* BannerCell.xib in Resources */,
			);
			runOnlyForDeploymentPostprocessing = 0;
		};
/* End PBXResourcesBuildPhase section */

/* Begin PBXShellScriptBuildPhase section */
		0636AC23DCA5F9D6A3BBFA56 /* [CP] Embed Pods Frameworks */ = {
			isa = PBXShellScriptBuildPhase;
			buildActionMask = 2147483647;
			files = (
			);
			inputFileListPaths = (
				"${PODS_ROOT}/Target Support Files/Pods-AdsWrapperSDKExample/Pods-AdsWrapperSDKExample-frameworks-${CONFIGURATION}-input-files.xcfilelist",
			);
			name = "[CP] Embed Pods Frameworks";
			outputFileListPaths = (
				"${PODS_ROOT}/Target Support Files/Pods-AdsWrapperSDKExample/Pods-AdsWrapperSDKExample-frameworks-${CONFIGURATION}-output-files.xcfilelist",
			);
			runOnlyForDeploymentPostprocessing = 0;
			shellPath = /bin/sh;
			shellScript = "\"${PODS_ROOT}/Target Support Files/Pods-AdsWrapperSDKExample/Pods-AdsWrapperSDKExample-frameworks.sh\"\n";
			showEnvVarsInLog = 0;
		};
		24D2C30FDD0DC192AD0F7BB6 /* [CP] Check Pods Manifest.lock */ = {
			isa = PBXShellScriptBuildPhase;
			buildActionMask = 2147483647;
			files = (
			);
			inputFileListPaths = (
			);
			inputPaths = (
				"${PODS_PODFILE_DIR_PATH}/Podfile.lock",
				"${PODS_ROOT}/Manifest.lock",
			);
			name = "[CP] Check Pods Manifest.lock";
			outputFileListPaths = (
			);
			outputPaths = (
				"$(DERIVED_FILE_DIR)/Pods-AdsWrapperSDKExample-checkManifestLockResult.txt",
			);
			runOnlyForDeploymentPostprocessing = 0;
			shellPath = /bin/sh;
			shellScript = "diff \"${PODS_PODFILE_DIR_PATH}/Podfile.lock\" \"${PODS_ROOT}/Manifest.lock\" > /dev/null\nif [ $? != 0 ] ; then\n    # print error to STDERR\n    echo \"error: The sandbox is not in sync with the Podfile.lock. Run 'pod install' or update your CocoaPods installation.\" >&2\n    exit 1\nfi\n# This output is used by Xcode 'outputs' to avoid re-running this script phase.\necho \"SUCCESS\" > \"${SCRIPT_OUTPUT_FILE_0}\"\n";
			showEnvVarsInLog = 0;
		};
/* End PBXShellScriptBuildPhase section */

/* Begin PBXSourcesBuildPhase section */
		ACCEEA3E27A813360090B386 /* Sources */ = {
			isa = PBXSourcesBuildPhase;
			buildActionMask = 2147483647;
			files = (
				ACCEEA4A27A813360090B386 /* ViewController.swift in Sources */,
				AC4B860027AD010E00299B29 /* MultipleAdsViewController.swift in Sources */,
				ACCEEA4627A813360090B386 /* AppDelegate.swift in Sources */,
				ACCEEA4827A813360090B386 /* SceneDelegate.swift in Sources */,
				ACC902E227AD0BFE00B1DFBF /* InfoCell.swift in Sources */,
				ACC902E627AD0C1300B1DFBF /* BannerCell.swift in Sources */,
				AC8FC4C527B0F20B00FBD1CA /* GroupBannerCell.swift in Sources */,
			);
			runOnlyForDeploymentPostprocessing = 0;
		};
/* End PBXSourcesBuildPhase section */

/* Begin PBXVariantGroup section */
		ACCEEA4B27A813360090B386 /* Main.storyboard */ = {
			isa = PBXVariantGroup;
			children = (
				ACCEEA4C27A813360090B386 /* Base */,
			);
			name = Main.storyboard;
			sourceTree = "<group>";
		};
		ACCEEA5027A813370090B386 /* LaunchScreen.storyboard */ = {
			isa = PBXVariantGroup;
			children = (
				ACCEEA5127A813370090B386 /* Base */,
			);
			name = LaunchScreen.storyboard;
			sourceTree = "<group>";
		};
/* End PBXVariantGroup section */

/* Begin XCBuildConfiguration section */
		ACCEEA5427A813370090B386 /* Debug */ = {
			isa = XCBuildConfiguration;
			buildSettings = {
				ALWAYS_SEARCH_USER_PATHS = NO;
				CLANG_ANALYZER_NONNULL = YES;
				CLANG_ANALYZER_NUMBER_OBJECT_CONVERSION = YES_AGGRESSIVE;
				CLANG_CXX_LANGUAGE_STANDARD = "gnu++14";
				CLANG_CXX_LIBRARY = "libc++";
				CLANG_ENABLE_MODULES = YES;
				CLANG_ENABLE_OBJC_ARC = YES;
				CLANG_ENABLE_OBJC_WEAK = YES;
				CLANG_WARN_BLOCK_CAPTURE_AUTORELEASING = YES;
				CLANG_WARN_BOOL_CONVERSION = YES;
				CLANG_WARN_COMMA = YES;
				CLANG_WARN_CONSTANT_CONVERSION = YES;
				CLANG_WARN_DEPRECATED_OBJC_IMPLEMENTATIONS = YES;
				CLANG_WARN_DIRECT_OBJC_ISA_USAGE = YES_ERROR;
				CLANG_WARN_DOCUMENTATION_COMMENTS = YES;
				CLANG_WARN_EMPTY_BODY = YES;
				CLANG_WARN_ENUM_CONVERSION = YES;
				CLANG_WARN_INFINITE_RECURSION = YES;
				CLANG_WARN_INT_CONVERSION = YES;
				CLANG_WARN_NON_LITERAL_NULL_CONVERSION = YES;
				CLANG_WARN_OBJC_IMPLICIT_RETAIN_SELF = YES;
				CLANG_WARN_OBJC_LITERAL_CONVERSION = YES;
				CLANG_WARN_OBJC_ROOT_CLASS = YES_ERROR;
				CLANG_WARN_QUOTED_INCLUDE_IN_FRAMEWORK_HEADER = YES;
				CLANG_WARN_RANGE_LOOP_ANALYSIS = YES;
				CLANG_WARN_STRICT_PROTOTYPES = YES;
				CLANG_WARN_SUSPICIOUS_MOVE = YES;
				CLANG_WARN_UNGUARDED_AVAILABILITY = YES_AGGRESSIVE;
				CLANG_WARN_UNREACHABLE_CODE = YES;
				CLANG_WARN__DUPLICATE_METHOD_MATCH = YES;
				COPY_PHASE_STRIP = NO;
				DEBUG_INFORMATION_FORMAT = dwarf;
				ENABLE_STRICT_OBJC_MSGSEND = YES;
				ENABLE_TESTABILITY = YES;
				GCC_C_LANGUAGE_STANDARD = gnu11;
				GCC_DYNAMIC_NO_PIC = NO;
				GCC_NO_COMMON_BLOCKS = YES;
				GCC_OPTIMIZATION_LEVEL = 0;
				GCC_PREPROCESSOR_DEFINITIONS = (
					"DEBUG=1",
					"$(inherited)",
				);
				GCC_WARN_64_TO_32_BIT_CONVERSION = YES;
				GCC_WARN_ABOUT_RETURN_TYPE = YES_ERROR;
				GCC_WARN_UNDECLARED_SELECTOR = YES;
				GCC_WARN_UNINITIALIZED_AUTOS = YES_AGGRESSIVE;
				GCC_WARN_UNUSED_FUNCTION = YES;
				GCC_WARN_UNUSED_VARIABLE = YES;
				IPHONEOS_DEPLOYMENT_TARGET = 14.5;
				MTL_ENABLE_DEBUG_INFO = INCLUDE_SOURCE;
				MTL_FAST_MATH = YES;
				ONLY_ACTIVE_ARCH = YES;
				SDKROOT = iphoneos;
				SWIFT_ACTIVE_COMPILATION_CONDITIONS = DEBUG;
				SWIFT_OPTIMIZATION_LEVEL = "-Onone";
			};
			name = Debug;
		};
		ACCEEA5527A813370090B386 /* Release */ = {
			isa = XCBuildConfiguration;
			buildSettings = {
				ALWAYS_SEARCH_USER_PATHS = NO;
				CLANG_ANALYZER_NONNULL = YES;
				CLANG_ANALYZER_NUMBER_OBJECT_CONVERSION = YES_AGGRESSIVE;
				CLANG_CXX_LANGUAGE_STANDARD = "gnu++14";
				CLANG_CXX_LIBRARY = "libc++";
				CLANG_ENABLE_MODULES = YES;
				CLANG_ENABLE_OBJC_ARC = YES;
				CLANG_ENABLE_OBJC_WEAK = YES;
				CLANG_WARN_BLOCK_CAPTURE_AUTORELEASING = YES;
				CLANG_WARN_BOOL_CONVERSION = YES;
				CLANG_WARN_COMMA = YES;
				CLANG_WARN_CONSTANT_CONVERSION = YES;
				CLANG_WARN_DEPRECATED_OBJC_IMPLEMENTATIONS = YES;
				CLANG_WARN_DIRECT_OBJC_ISA_USAGE = YES_ERROR;
				CLANG_WARN_DOCUMENTATION_COMMENTS = YES;
				CLANG_WARN_EMPTY_BODY = YES;
				CLANG_WARN_ENUM_CONVERSION = YES;
				CLANG_WARN_INFINITE_RECURSION = YES;
				CLANG_WARN_INT_CONVERSION = YES;
				CLANG_WARN_NON_LITERAL_NULL_CONVERSION = YES;
				CLANG_WARN_OBJC_IMPLICIT_RETAIN_SELF = YES;
				CLANG_WARN_OBJC_LITERAL_CONVERSION = YES;
				CLANG_WARN_OBJC_ROOT_CLASS = YES_ERROR;
				CLANG_WARN_QUOTED_INCLUDE_IN_FRAMEWORK_HEADER = YES;
				CLANG_WARN_RANGE_LOOP_ANALYSIS = YES;
				CLANG_WARN_STRICT_PROTOTYPES = YES;
				CLANG_WARN_SUSPICIOUS_MOVE = YES;
				CLANG_WARN_UNGUARDED_AVAILABILITY = YES_AGGRESSIVE;
				CLANG_WARN_UNREACHABLE_CODE = YES;
				CLANG_WARN__DUPLICATE_METHOD_MATCH = YES;
				COPY_PHASE_STRIP = NO;
				DEBUG_INFORMATION_FORMAT = "dwarf-with-dsym";
				ENABLE_NS_ASSERTIONS = NO;
				ENABLE_STRICT_OBJC_MSGSEND = YES;
				GCC_C_LANGUAGE_STANDARD = gnu11;
				GCC_NO_COMMON_BLOCKS = YES;
				GCC_WARN_64_TO_32_BIT_CONVERSION = YES;
				GCC_WARN_ABOUT_RETURN_TYPE = YES_ERROR;
				GCC_WARN_UNDECLARED_SELECTOR = YES;
				GCC_WARN_UNINITIALIZED_AUTOS = YES_AGGRESSIVE;
				GCC_WARN_UNUSED_FUNCTION = YES;
				GCC_WARN_UNUSED_VARIABLE = YES;
				IPHONEOS_DEPLOYMENT_TARGET = 14.5;
				MTL_ENABLE_DEBUG_INFO = NO;
				MTL_FAST_MATH = YES;
				SDKROOT = iphoneos;
				SWIFT_COMPILATION_MODE = wholemodule;
				SWIFT_OPTIMIZATION_LEVEL = "-O";
				VALIDATE_PRODUCT = YES;
			};
			name = Release;
		};
		ACCEEA5727A813370090B386 /* Debug */ = {
			isa = XCBuildConfiguration;
			baseConfigurationReference = A6390A22FC754885A30633CB /* Pods-AdsWrapperSDKExample.debug.xcconfig */;
			buildSettings = {
				ASSETCATALOG_COMPILER_APPICON_NAME = AppIcon;
				ASSETCATALOG_COMPILER_GLOBAL_ACCENT_COLOR_NAME = AccentColor;
				CODE_SIGN_STYLE = Automatic;
				INFOPLIST_FILE = AdsWrapperSDKExample/Info.plist;
				LD_RUNPATH_SEARCH_PATHS = (
					"$(inherited)",
					"@executable_path/Frameworks",
				);
				PRODUCT_BUNDLE_IDENTIFIER = Rakuten.AdsWrapperSDKExample;
				PRODUCT_NAME = "$(TARGET_NAME)";
				SWIFT_VERSION = 5.0;
				TARGETED_DEVICE_FAMILY = "1,2";
			};
			name = Debug;
		};
		ACCEEA5827A813370090B386 /* Release */ = {
			isa = XCBuildConfiguration;
			baseConfigurationReference = B99C854F6406970D848A7687 /* Pods-AdsWrapperSDKExample.release.xcconfig */;
			buildSettings = {
				ASSETCATALOG_COMPILER_APPICON_NAME = AppIcon;
				ASSETCATALOG_COMPILER_GLOBAL_ACCENT_COLOR_NAME = AccentColor;
				CODE_SIGN_STYLE = Automatic;
				INFOPLIST_FILE = AdsWrapperSDKExample/Info.plist;
				LD_RUNPATH_SEARCH_PATHS = (
					"$(inherited)",
					"@executable_path/Frameworks",
				);
				PRODUCT_BUNDLE_IDENTIFIER = Rakuten.AdsWrapperSDKExample;
				PRODUCT_NAME = "$(TARGET_NAME)";
				SWIFT_VERSION = 5.0;
				TARGETED_DEVICE_FAMILY = "1,2";
			};
			name = Release;
		};
/* End XCBuildConfiguration section */

/* Begin XCConfigurationList section */
		ACCEEA3D27A813360090B386 /* Build configuration list for PBXProject "AdsWrapperSDKExample" */ = {
			isa = XCConfigurationList;
			buildConfigurations = (
				ACCEEA5427A813370090B386 /* Debug */,
				ACCEEA5527A813370090B386 /* Release */,
			);
			defaultConfigurationIsVisible = 0;
			defaultConfigurationName = Release;
		};
		ACCEEA5627A813370090B386 /* Build configuration list for PBXNativeTarget "AdsWrapperSDKExample" */ = {
			isa = XCConfigurationList;
			buildConfigurations = (
				ACCEEA5727A813370090B386 /* Debug */,
				ACCEEA5827A813370090B386 /* Release */,
			);
			defaultConfigurationIsVisible = 0;
			defaultConfigurationName = Release;
		};
/* End XCConfigurationList section */
	};
	rootObject = ACCEEA3A27A813360090B386 /* Project object */;
}
