// !$*UTF8*$!
{
	archiveVersion = 1;
	classes = {
	};
	objectVersion = 50;
	objects = {

/* Begin PBXBuildFile section */
		ACCEE98C27A7C76B0090B386 /* AdsWrapperSDK.framework in Frameworks */ = {isa = PBXBuildFile; fileRef = ACCEE98227A7C76B0090B386 /* AdsWrapperSDK.framework */; };
		ACCEE99127A7C76B0090B386 /* AdsWrapperSDKTests.swift in Sources */ = {isa = PBXBuildFile; fileRef = ACCEE99027A7C76B0090B386 /* AdsWrapperSDKTests.swift */; };
		ACCEE99327A7C76B0090B386 /* AdsWrapperSDK.h in Headers */ = {isa = PBXBuildFile; fileRef = ACCEE98527A7C76B0090B386 /* AdsWrapperSDK.h */; settings = {ATTRIBUTES = (Public, ); }; };
		ACCEE9A327A7C8AB0090B386 /* AppDelegate.swift in Sources */ = {isa = PBXBuildFile; fileRef = ACCEE9A227A7C8AB0090B386 /* AppDelegate.swift */; };
		ACCEE9A527A7C8AB0090B386 /* SceneDelegate.swift in Sources */ = {isa = PBXBuildFile; fileRef = ACCEE9A427A7C8AB0090B386 /* SceneDelegate.swift */; };
		ACCEE9A727A7C8AB0090B386 /* ViewController.swift in Sources */ = {isa = PBXBuildFile; fileRef = ACCEE9A627A7C8AB0090B386 /* ViewController.swift */; };
		ACCEE9AA27A7C8AB0090B386 /* Main.storyboard in Resources */ = {isa = PBXBuildFile; fileRef = ACCEE9A827A7C8AB0090B386 /* Main.storyboard */; };
		ACCEE9AC27A7C8AC0090B386 /* Assets.xcassets in Resources */ = {isa = PBXBuildFile; fileRef = ACCEE9AB27A7C8AC0090B386 /* Assets.xcassets */; };
		ACCEE9AF27A7C8AC0090B386 /* LaunchScreen.storyboard in Resources */ = {isa = PBXBuildFile; fileRef = ACCEE9AD27A7C8AC0090B386 /* LaunchScreen.storyboard */; };
/* End PBXBuildFile section */

/* Begin PBXContainerItemProxy section */
		ACCEE98D27A7C76B0090B386 /* PBXContainerItemProxy */ = {
			isa = PBXContainerItemProxy;
			containerPortal = ACCEE97927A7C76B0090B386 /* Project object */;
			proxyType = 1;
			remoteGlobalIDString = ACCEE98127A7C76B0090B386;
			remoteInfo = AdsWrapperSDK;
		};
/* End PBXContainerItemProxy section */

/* Begin PBXFileReference section */
		ACCEE98227A7C76B0090B386 /* AdsWrapperSDK.framework */ = {isa = PBXFileReference; explicitFileType = wrapper.framework; includeInIndex = 0; path = AdsWrapperSDK.framework; sourceTree = BUILT_PRODUCTS_DIR; };
		ACCEE98527A7C76B0090B386 /* AdsWrapperSDK.h */ = {isa = PBXFileReference; lastKnownFileType = sourcecode.c.h; path = AdsWrapperSDK.h; sourceTree = "<group>"; };
		ACCEE98627A7C76B0090B386 /* Info.plist */ = {isa = PBXFileReference; lastKnownFileType = text.plist.xml; path = Info.plist; sourceTree = "<group>"; };
		ACCEE98B27A7C76B0090B386 /* AdsWrapperSDKTests.xctest */ = {isa = PBXFileReference; explicitFileType = wrapper.cfbundle; includeInIndex = 0; path = AdsWrapperSDKTests.xctest; sourceTree = BUILT_PRODUCTS_DIR; };
		ACCEE99027A7C76B0090B386 /* AdsWrapperSDKTests.swift */ = {isa = PBXFileReference; lastKnownFileType = sourcecode.swift; path = AdsWrapperSDKTests.swift; sourceTree = "<group>"; };
		ACCEE99227A7C76B0090B386 /* Info.plist */ = {isa = PBXFileReference; lastKnownFileType = text.plist.xml; path = Info.plist; sourceTree = "<group>"; };
		ACCEE9A027A7C8AB0090B386 /* AdsWrapperSDKExample.app */ = {isa = PBXFileReference; explicitFileType = wrapper.application; includeInIndex = 0; path = AdsWrapperSDKExample.app; sourceTree = BUILT_PRODUCTS_DIR; };
		ACCEE9A227A7C8AB0090B386 /* AppDelegate.swift */ = {isa = PBXFileReference; lastKnownFileType = sourcecode.swift; path = AppDelegate.swift; sourceTree = "<group>"; };
		ACCEE9A427A7C8AB0090B386 /* SceneDelegate.swift */ = {isa = PBXFileReference; lastKnownFileType = sourcecode.swift; path = SceneDelegate.swift; sourceTree = "<group>"; };
		ACCEE9A627A7C8AB0090B386 /* ViewController.swift */ = {isa = PBXFileReference; lastKnownFileType = sourcecode.swift; path = ViewController.swift; sourceTree = "<group>"; };
		ACCEE9A927A7C8AB0090B386 /* Base */ = {isa = PBXFileReference; lastKnownFileType = file.storyboard; name = Base; path = Base.lproj/Main.storyboard; sourceTree = "<group>"; };
		ACCEE9AB27A7C8AC0090B386 /* Assets.xcassets */ = {isa = PBXFileReference; lastKnownFileType = folder.assetcatalog; path = Assets.xcassets; sourceTree = "<group>"; };
		ACCEE9AE27A7C8AC0090B386 /* Base */ = {isa = PBXFileReference; lastKnownFileType = file.storyboard; name = Base; path = Base.lproj/LaunchScreen.storyboard; sourceTree = "<group>"; };
		ACCEE9B027A7C8AC0090B386 /* Info.plist */ = {isa = PBXFileReference; lastKnownFileType = text.plist.xml; path = Info.plist; sourceTree = "<group>"; };
/* End PBXFileReference section */

/* Begin PBXFrameworksBuildPhase section */
		ACCEE97F27A7C76B0090B386 /* Frameworks */ = {
			isa = PBXFrameworksBuildPhase;
			buildActionMask = 2147483647;
			files = (
			);
			runOnlyForDeploymentPostprocessing = 0;
		};
		ACCEE98827A7C76B0090B386 /* Frameworks */ = {
			isa = PBXFrameworksBuildPhase;
			buildActionMask = 2147483647;
			files = (
				ACCEE98C27A7C76B0090B386 /* AdsWrapperSDK.framework in Frameworks */,
			);
			runOnlyForDeploymentPostprocessing = 0;
		};
		ACCEE99D27A7C8AB0090B386 /* Frameworks */ = {
			isa = PBXFrameworksBuildPhase;
			buildActionMask = 2147483647;
			files = (
			);
			runOnlyForDeploymentPostprocessing = 0;
		};
/* End PBXFrameworksBuildPhase section */

/* Begin PBXGroup section */
		ACCEE97827A7C76B0090B386 = {
			isa = PBXGroup;
			children = (
				ACCEE98427A7C76B0090B386 /* AdsWrapperSDK */,
				ACCEE98F27A7C76B0090B386 /* AdsWrapperSDKTests */,
				ACCEE9A127A7C8AB0090B386 /* AdsWrapperSDKExample */,
				ACCEE98327A7C76B0090B386 /* Products */,
			);
			sourceTree = "<group>";
		};
		ACCEE98327A7C76B0090B386 /* Products */ = {
			isa = PBXGroup;
			children = (
				ACCEE98227A7C76B0090B386 /* AdsWrapperSDK.framework */,
				ACCEE98B27A7C76B0090B386 /* AdsWrapperSDKTests.xctest */,
				ACCEE9A027A7C8AB0090B386 /* AdsWrapperSDKExample.app */,
			);
			name = Products;
			sourceTree = "<group>";
		};
		ACCEE98427A7C76B0090B386 /* AdsWrapperSDK */ = {
			isa = PBXGroup;
			children = (
				ACCEE98527A7C76B0090B386 /* AdsWrapperSDK.h */,
				ACCEE98627A7C76B0090B386 /* Info.plist */,
			);
			path = AdsWrapperSDK;
			sourceTree = "<group>";
		};
		ACCEE98F27A7C76B0090B386 /* AdsWrapperSDKTests */ = {
			isa = PBXGroup;
			children = (
				ACCEE99027A7C76B0090B386 /* AdsWrapperSDKTests.swift */,
				ACCEE99227A7C76B0090B386 /* Info.plist */,
			);
			path = AdsWrapperSDKTests;
			sourceTree = "<group>";
		};
		ACCEE9A127A7C8AB0090B386 /* AdsWrapperSDKExample */ = {
			isa = PBXGroup;
			children = (
				ACCEE9A227A7C8AB0090B386 /* AppDelegate.swift */,
				ACCEE9A427A7C8AB0090B386 /* SceneDelegate.swift */,
				ACCEE9A627A7C8AB0090B386 /* ViewController.swift */,
				ACCEE9A827A7C8AB0090B386 /* Main.storyboard */,
				ACCEE9AB27A7C8AC0090B386 /* Assets.xcassets */,
				ACCEE9AD27A7C8AC0090B386 /* LaunchScreen.storyboard */,
				ACCEE9B027A7C8AC0090B386 /* Info.plist */,
			);
			path = AdsWrapperSDKExample;
			sourceTree = "<group>";
		};
/* End PBXGroup section */

/* Begin PBXHeadersBuildPhase section */
		ACCEE97D27A7C76B0090B386 /* Headers */ = {
			isa = PBXHeadersBuildPhase;
			buildActionMask = 2147483647;
			files = (
				ACCEE99327A7C76B0090B386 /* AdsWrapperSDK.h in Headers */,
			);
			runOnlyForDeploymentPostprocessing = 0;
		};
/* End PBXHeadersBuildPhase section */

/* Begin PBXNativeTarget section */
		ACCEE98127A7C76B0090B386 /* AdsWrapperSDK */ = {
			isa = PBXNativeTarget;
			buildConfigurationList = ACCEE99627A7C76B0090B386 /* Build configuration list for PBXNativeTarget "AdsWrapperSDK" */;
			buildPhases = (
				ACCEE97D27A7C76B0090B386 /* Headers */,
				ACCEE97E27A7C76B0090B386 /* Sources */,
				ACCEE97F27A7C76B0090B386 /* Frameworks */,
				ACCEE98027A7C76B0090B386 /* Resources */,
			);
			buildRules = (
			);
			dependencies = (
			);
			name = AdsWrapperSDK;
			productName = AdsWrapperSDK;
			productReference = ACCEE98227A7C76B0090B386 /* AdsWrapperSDK.framework */;
			productType = "com.apple.product-type.framework";
		};
		ACCEE98A27A7C76B0090B386 /* AdsWrapperSDKTests */ = {
			isa = PBXNativeTarget;
			buildConfigurationList = ACCEE99927A7C76B0090B386 /* Build configuration list for PBXNativeTarget "AdsWrapperSDKTests" */;
			buildPhases = (
				ACCEE98727A7C76B0090B386 /* Sources */,
				ACCEE98827A7C76B0090B386 /* Frameworks */,
				ACCEE98927A7C76B0090B386 /* Resources */,
			);
			buildRules = (
			);
			dependencies = (
				ACCEE98E27A7C76B0090B386 /* PBXTargetDependency */,
			);
			name = AdsWrapperSDKTests;
			productName = AdsWrapperSDKTests;
			productReference = ACCEE98B27A7C76B0090B386 /* AdsWrapperSDKTests.xctest */;
			productType = "com.apple.product-type.bundle.unit-test";
		};
		ACCEE99F27A7C8AB0090B386 /* AdsWrapperSDKExample */ = {
			isa = PBXNativeTarget;
			buildConfigurationList = ACCEE9B127A7C8AC0090B386 /* Build configuration list for PBXNativeTarget "AdsWrapperSDKExample" */;
			buildPhases = (
				ACCEE99C27A7C8AB0090B386 /* Sources */,
				ACCEE99D27A7C8AB0090B386 /* Frameworks */,
				ACCEE99E27A7C8AB0090B386 /* Resources */,
			);
			buildRules = (
			);
			dependencies = (
			);
			name = AdsWrapperSDKExample;
			productName = AdsWrapperSDKExample;
			productReference = ACCEE9A027A7C8AB0090B386 /* AdsWrapperSDKExample.app */;
			productType = "com.apple.product-type.application";
		};
/* End PBXNativeTarget section */

/* Begin PBXProject section */
		ACCEE97927A7C76B0090B386 /* Project object */ = {
			isa = PBXProject;
			attributes = {
				LastSwiftUpdateCheck = 1250;
				LastUpgradeCheck = 1250;
				TargetAttributes = {
					ACCEE98127A7C76B0090B386 = {
						CreatedOnToolsVersion = 12.5.1;
					};
					ACCEE98A27A7C76B0090B386 = {
						CreatedOnToolsVersion = 12.5.1;
					};
					ACCEE99F27A7C8AB0090B386 = {
						CreatedOnToolsVersion = 12.5.1;
					};
				};
			};
			buildConfigurationList = ACCEE97C27A7C76B0090B386 /* Build configuration list for PBXProject "AdsWrapperSDK" */;
			compatibilityVersion = "Xcode 9.3";
			developmentRegion = en;
			hasScannedForEncodings = 0;
			knownRegions = (
				en,
				Base,
			);
			mainGroup = ACCEE97827A7C76B0090B386;
			productRefGroup = ACCEE98327A7C76B0090B386 /* Products */;
			projectDirPath = "";
			projectRoot = "";
			targets = (
				ACCEE98127A7C76B0090B386 /* AdsWrapperSDK */,
				ACCEE98A27A7C76B0090B386 /* AdsWrapperSDKTests */,
				ACCEE99F27A7C8AB0090B386 /* AdsWrapperSDKExample */,
			);
		};
/* End PBXProject section */

/* Begin PBXResourcesBuildPhase section */
		ACCEE98027A7C76B0090B386 /* Resources */ = {
			isa = PBXResourcesBuildPhase;
			buildActionMask = 2147483647;
			files = (
			);
			runOnlyForDeploymentPostprocessing = 0;
		};
		ACCEE98927A7C76B0090B386 /* Resources */ = {
			isa = PBXResourcesBuildPhase;
			buildActionMask = 2147483647;
			files = (
			);
			runOnlyForDeploymentPostprocessing = 0;
		};
		ACCEE99E27A7C8AB0090B386 /* Resources */ = {
			isa = PBXResourcesBuildPhase;
			buildActionMask = 2147483647;
			files = (
				ACCEE9AF27A7C8AC0090B386 /* LaunchScreen.storyboard in Resources */,
				ACCEE9AC27A7C8AC0090B386 /* Assets.xcassets in Resources */,
				ACCEE9AA27A7C8AB0090B386 /* Main.storyboard in Resources */,
			);
			runOnlyForDeploymentPostprocessing = 0;
		};
/* End PBXResourcesBuildPhase section */

/* Begin PBXSourcesBuildPhase section */
		ACCEE97E27A7C76B0090B386 /* Sources */ = {
			isa = PBXSourcesBuildPhase;
			buildActionMask = 2147483647;
			files = (
			);
			runOnlyForDeploymentPostprocessing = 0;
		};
		ACCEE98727A7C76B0090B386 /* Sources */ = {
			isa = PBXSourcesBuildPhase;
			buildActionMask = 2147483647;
			files = (
				ACCEE99127A7C76B0090B386 /* AdsWrapperSDKTests.swift in Sources */,
			);
			runOnlyForDeploymentPostprocessing = 0;
		};
		ACCEE99C27A7C8AB0090B386 /* Sources */ = {
			isa = PBXSourcesBuildPhase;
			buildActionMask = 2147483647;
			files = (
				ACCEE9A727A7C8AB0090B386 /* ViewController.swift in Sources */,
				ACCEE9A327A7C8AB0090B386 /* AppDelegate.swift in Sources */,
				ACCEE9A527A7C8AB0090B386 /* SceneDelegate.swift in Sources */,
			);
			runOnlyForDeploymentPostprocessing = 0;
		};
/* End PBXSourcesBuildPhase section */

/* Begin PBXTargetDependency section */
		ACCEE98E27A7C76B0090B386 /* PBXTargetDependency */ = {
			isa = PBXTargetDependency;
			target = ACCEE98127A7C76B0090B386 /* AdsWrapperSDK */;
			targetProxy = ACCEE98D27A7C76B0090B386 /* PBXContainerItemProxy */;
		};
/* End PBXTargetDependency section */

/* Begin PBXVariantGroup section */
		ACCEE9A827A7C8AB0090B386 /* Main.storyboard */ = {
			isa = PBXVariantGroup;
			children = (
				ACCEE9A927A7C8AB0090B386 /* Base */,
			);
			name = Main.storyboard;
			sourceTree = "<group>";
		};
		ACCEE9AD27A7C8AC0090B386 /* LaunchScreen.storyboard */ = {
			isa = PBXVariantGroup;
			children = (
				ACCEE9AE27A7C8AC0090B386 /* Base */,
			);
			name = LaunchScreen.storyboard;
			sourceTree = "<group>";
		};
/* End PBXVariantGroup section */

/* Begin XCBuildConfiguration section */
		ACCEE99427A7C76B0090B386 /* Debug */ = {
			isa = XCBuildConfiguration;
			buildSettings = {
				ALWAYS_SEARCH_USER_PATHS = NO;
				CLANG_ANALYZER_NONNULL = YES;
				CLANG_ANALYZER_NUMBER_OBJECT_CONVERSION = YES_AGGRESSIVE;
				CLANG_CXX_LANGUAGE_STANDARD = "gnu++14";
				CLANG_CXX_LIBRARY = "libc++";
				CLANG_ENABLE_MODULES = YES;
				CLANG_ENABLE_OBJC_ARC = YES;
				CLANG_ENABLE_OBJC_WEAK = YES;
				CLANG_WARN_BLOCK_CAPTURE_AUTORELEASING = YES;
				CLANG_WARN_BOOL_CONVERSION = YES;
				CLANG_WARN_COMMA = YES;
				CLANG_WARN_CONSTANT_CONVERSION = YES;
				CLANG_WARN_DEPRECATED_OBJC_IMPLEMENTATIONS = YES;
				CLANG_WARN_DIRECT_OBJC_ISA_USAGE = YES_ERROR;
				CLANG_WARN_DOCUMENTATION_COMMENTS = YES;
				CLANG_WARN_EMPTY_BODY = YES;
				CLANG_WARN_ENUM_CONVERSION = YES;
				CLANG_WARN_INFINITE_RECURSION = YES;
				CLANG_WARN_INT_CONVERSION = YES;
				CLANG_WARN_NON_LITERAL_NULL_CONVERSION = YES;
				CLANG_WARN_OBJC_IMPLICIT_RETAIN_SELF = YES;
				CLANG_WARN_OBJC_LITERAL_CONVERSION = YES;
				CLANG_WARN_OBJC_ROOT_CLASS = YES_ERROR;
				CLANG_WARN_QUOTED_INCLUDE_IN_FRAMEWORK_HEADER = YES;
				CLANG_WARN_RANGE_LOOP_ANALYSIS = YES;
				CLANG_WARN_STRICT_PROTOTYPES = YES;
				CLANG_WARN_SUSPICIOUS_MOVE = YES;
				CLANG_WARN_UNGUARDED_AVAILABILITY = YES_AGGRESSIVE;
				CLANG_WARN_UNREACHABLE_CODE = YES;
				CLANG_WARN__DUPLICATE_METHOD_MATCH = YES;
				COPY_PHASE_STRIP = NO;
				CURRENT_PROJECT_VERSION = 1;
				DEBUG_INFORMATION_FORMAT = dwarf;
				ENABLE_STRICT_OBJC_MSGSEND = YES;
				ENABLE_TESTABILITY = YES;
				GCC_C_LANGUAGE_STANDARD = gnu11;
				GCC_DYNAMIC_NO_PIC = NO;
				GCC_NO_COMMON_BLOCKS = YES;
				GCC_OPTIMIZATION_LEVEL = 0;
				GCC_PREPROCESSOR_DEFINITIONS = (
					"DEBUG=1",
					"$(inherited)",
				);
				GCC_WARN_64_TO_32_BIT_CONVERSION = YES;
				GCC_WARN_ABOUT_RETURN_TYPE = YES_ERROR;
				GCC_WARN_UNDECLARED_SELECTOR = YES;
				GCC_WARN_UNINITIALIZED_AUTOS = YES_AGGRESSIVE;
				GCC_WARN_UNUSED_FUNCTION = YES;
				GCC_WARN_UNUSED_VARIABLE = YES;
				IPHONEOS_DEPLOYMENT_TARGET = 14.5;
				MTL_ENABLE_DEBUG_INFO = INCLUDE_SOURCE;
				MTL_FAST_MATH = YES;
				ONLY_ACTIVE_ARCH = YES;
				SDKROOT = iphoneos;
				SWIFT_ACTIVE_COMPILATION_CONDITIONS = DEBUG;
				SWIFT_OPTIMIZATION_LEVEL = "-Onone";
				VERSIONING_SYSTEM = "apple-generic";
				VERSION_INFO_PREFIX = "";
			};
			name = Debug;
		};
		ACCEE99527A7C76B0090B386 /* Release */ = {
			isa = XCBuildConfiguration;
			buildSettings = {
				ALWAYS_SEARCH_USER_PATHS = NO;
				CLANG_ANALYZER_NONNULL = YES;
				CLANG_ANALYZER_NUMBER_OBJECT_CONVERSION = YES_AGGRESSIVE;
				CLANG_CXX_LANGUAGE_STANDARD = "gnu++14";
				CLANG_CXX_LIBRARY = "libc++";
				CLANG_ENABLE_MODULES = YES;
				CLANG_ENABLE_OBJC_ARC = YES;
				CLANG_ENABLE_OBJC_WEAK = YES;
				CLANG_WARN_BLOCK_CAPTURE_AUTORELEASING = YES;
				CLANG_WARN_BOOL_CONVERSION = YES;
				CLANG_WARN_COMMA = YES;
				CLANG_WARN_CONSTANT_CONVERSION = YES;
				CLANG_WARN_DEPRECATED_OBJC_IMPLEMENTATIONS = YES;
				CLANG_WARN_DIRECT_OBJC_ISA_USAGE = YES_ERROR;
				CLANG_WARN_DOCUMENTATION_COMMENTS = YES;
				CLANG_WARN_EMPTY_BODY = YES;
				CLANG_WARN_ENUM_CONVERSION = YES;
				CLANG_WARN_INFINITE_RECURSION = YES;
				CLANG_WARN_INT_CONVERSION = YES;
				CLANG_WARN_NON_LITERAL_NULL_CONVERSION = YES;
				CLANG_WARN_OBJC_IMPLICIT_RETAIN_SELF = YES;
				CLANG_WARN_OBJC_LITERAL_CONVERSION = YES;
				CLANG_WARN_OBJC_ROOT_CLASS = YES_ERROR;
				CLANG_WARN_QUOTED_INCLUDE_IN_FRAMEWORK_HEADER = YES;
				CLANG_WARN_RANGE_LOOP_ANALYSIS = YES;
				CLANG_WARN_STRICT_PROTOTYPES = YES;
				CLANG_WARN_SUSPICIOUS_MOVE = YES;
				CLANG_WARN_UNGUARDED_AVAILABILITY = YES_AGGRESSIVE;
				CLANG_WARN_UNREACHABLE_CODE = YES;
				CLANG_WARN__DUPLICATE_METHOD_MATCH = YES;
				COPY_PHASE_STRIP = NO;
				CURRENT_PROJECT_VERSION = 1;
				DEBUG_INFORMATION_FORMAT = "dwarf-with-dsym";
				ENABLE_NS_ASSERTIONS = NO;
				ENABLE_STRICT_OBJC_MSGSEND = YES;
				GCC_C_LANGUAGE_STANDARD = gnu11;
				GCC_NO_COMMON_BLOCKS = YES;
				GCC_WARN_64_TO_32_BIT_CONVERSION = YES;
				GCC_WARN_ABOUT_RETURN_TYPE = YES_ERROR;
				GCC_WARN_UNDECLARED_SELECTOR = YES;
				GCC_WARN_UNINITIALIZED_AUTOS = YES_AGGRESSIVE;
				GCC_WARN_UNUSED_FUNCTION = YES;
				GCC_WARN_UNUSED_VARIABLE = YES;
				IPHONEOS_DEPLOYMENT_TARGET = 14.5;
				MTL_ENABLE_DEBUG_INFO = NO;
				MTL_FAST_MATH = YES;
				SDKROOT = iphoneos;
				SWIFT_COMPILATION_MODE = wholemodule;
				SWIFT_OPTIMIZATION_LEVEL = "-O";
				VALIDATE_PRODUCT = YES;
				VERSIONING_SYSTEM = "apple-generic";
				VERSION_INFO_PREFIX = "";
			};
			name = Release;
		};
		ACCEE99727A7C76B0090B386 /* Debug */ = {
			isa = XCBuildConfiguration;
			buildSettings = {
				CODE_SIGN_STYLE = Automatic;
				DEFINES_MODULE = YES;
				DYLIB_COMPATIBILITY_VERSION = 1;
				DYLIB_CURRENT_VERSION = 1;
				DYLIB_INSTALL_NAME_BASE = "@rpath";
				INFOPLIST_FILE = AdsWrapperSDK/Info.plist;
				INSTALL_PATH = "$(LOCAL_LIBRARY_DIR)/Frameworks";
				LD_RUNPATH_SEARCH_PATHS = (
					"$(inherited)",
					"@executable_path/Frameworks",
					"@loader_path/Frameworks",
				);
				PRODUCT_BUNDLE_IDENTIFIER = Rakuten.AdsWrapperSDK;
				PRODUCT_NAME = "$(TARGET_NAME:c99extidentifier)";
				SKIP_INSTALL = YES;
				SWIFT_VERSION = 5.0;
				TARGETED_DEVICE_FAMILY = "1,2";
			};
			name = Debug;
		};
		ACCEE99827A7C76B0090B386 /* Release */ = {
			isa = XCBuildConfiguration;
			buildSettings = {
				CODE_SIGN_STYLE = Automatic;
				DEFINES_MODULE = YES;
				DYLIB_COMPATIBILITY_VERSION = 1;
				DYLIB_CURRENT_VERSION = 1;
				DYLIB_INSTALL_NAME_BASE = "@rpath";
				INFOPLIST_FILE = AdsWrapperSDK/Info.plist;
				INSTALL_PATH = "$(LOCAL_LIBRARY_DIR)/Frameworks";
				LD_RUNPATH_SEARCH_PATHS = (
					"$(inherited)",
					"@executable_path/Frameworks",
					"@loader_path/Frameworks",
				);
				PRODUCT_BUNDLE_IDENTIFIER = Rakuten.AdsWrapperSDK;
				PRODUCT_NAME = "$(TARGET_NAME:c99extidentifier)";
				SKIP_INSTALL = YES;
				SWIFT_VERSION = 5.0;
				TARGETED_DEVICE_FAMILY = "1,2";
			};
			name = Release;
		};
		ACCEE99A27A7C76B0090B386 /* Debug */ = {
			isa = XCBuildConfiguration;
			buildSettings = {
				CODE_SIGN_STYLE = Automatic;
				INFOPLIST_FILE = AdsWrapperSDKTests/Info.plist;
				LD_RUNPATH_SEARCH_PATHS = (
					"$(inherited)",
					"@executable_path/Frameworks",
					"@loader_path/Frameworks",
				);
				PRODUCT_BUNDLE_IDENTIFIER = Rakuten.AdsWrapperSDKTests;
				PRODUCT_NAME = "$(TARGET_NAME)";
				SWIFT_VERSION = 5.0;
				TARGETED_DEVICE_FAMILY = "1,2";
			};
			name = Debug;
		};
		ACCEE99B27A7C76B0090B386 /* Release */ = {
			isa = XCBuildConfiguration;
			buildSettings = {
				CODE_SIGN_STYLE = Automatic;
				INFOPLIST_FILE = AdsWrapperSDKTests/Info.plist;
				LD_RUNPATH_SEARCH_PATHS = (
					"$(inherited)",
					"@executable_path/Frameworks",
					"@loader_path/Frameworks",
				);
				PRODUCT_BUNDLE_IDENTIFIER = Rakuten.AdsWrapperSDKTests;
				PRODUCT_NAME = "$(TARGET_NAME)";
				SWIFT_VERSION = 5.0;
				TARGETED_DEVICE_FAMILY = "1,2";
			};
			name = Release;
		};
		ACCEE9B227A7C8AC0090B386 /* Debug */ = {
			isa = XCBuildConfiguration;
			buildSettings = {
				ASSETCATALOG_COMPILER_APPICON_NAME = AppIcon;
				ASSETCATALOG_COMPILER_GLOBAL_ACCENT_COLOR_NAME = AccentColor;
				CODE_SIGN_STYLE = Automatic;
				INFOPLIST_FILE = AdsWrapperSDKExample/Info.plist;
				LD_RUNPATH_SEARCH_PATHS = (
					"$(inherited)",
					"@executable_path/Frameworks",
				);
				PRODUCT_BUNDLE_IDENTIFIER = Rakuten.AdsWrapperSDKExample;
				PRODUCT_NAME = "$(TARGET_NAME)";
				SWIFT_VERSION = 5.0;
				TARGETED_DEVICE_FAMILY = "1,2";
			};
			name = Debug;
		};
		ACCEE9B327A7C8AC0090B386 /* Release */ = {
			isa = XCBuildConfiguration;
			buildSettings = {
				ASSETCATALOG_COMPILER_APPICON_NAME = AppIcon;
				ASSETCATALOG_COMPILER_GLOBAL_ACCENT_COLOR_NAME = AccentColor;
				CODE_SIGN_STYLE = Automatic;
				INFOPLIST_FILE = AdsWrapperSDKExample/Info.plist;
				LD_RUNPATH_SEARCH_PATHS = (
					"$(inherited)",
					"@executable_path/Frameworks",
				);
				PRODUCT_BUNDLE_IDENTIFIER = Rakuten.AdsWrapperSDKExample;
				PRODUCT_NAME = "$(TARGET_NAME)";
				SWIFT_VERSION = 5.0;
				TARGETED_DEVICE_FAMILY = "1,2";
			};
			name = Release;
		};
/* End XCBuildConfiguration section */

/* Begin XCConfigurationList section */
		ACCEE97C27A7C76B0090B386 /* Build configuration list for PBXProject "AdsWrapperSDK" */ = {
			isa = XCConfigurationList;
			buildConfigurations = (
				ACCEE99427A7C76B0090B386 /* Debug */,
				ACCEE99527A7C76B0090B386 /* Release */,
			);
			defaultConfigurationIsVisible = 0;
			defaultConfigurationName = Release;
		};
		ACCEE99627A7C76B0090B386 /* Build configuration list for PBXNativeTarget "AdsWrapperSDK" */ = {
			isa = XCConfigurationList;
			buildConfigurations = (
				ACCEE99727A7C76B0090B386 /* Debug */,
				ACCEE99827A7C76B0090B386 /* Release */,
			);
			defaultConfigurationIsVisible = 0;
			defaultConfigurationName = Release;
		};
		ACCEE99927A7C76B0090B386 /* Build configuration list for PBXNativeTarget "AdsWrapperSDKTests" */ = {
			isa = XCConfigurationList;
			buildConfigurations = (
				ACCEE99A27A7C76B0090B386 /* Debug */,
				ACCEE99B27A7C76B0090B386 /* Release */,
			);
			defaultConfigurationIsVisible = 0;
			defaultConfigurationName = Release;
		};
		ACCEE9B127A7C8AC0090B386 /* Build configuration list for PBXNativeTarget "AdsWrapperSDKExample" */ = {
			isa = XCConfigurationList;
			buildConfigurations = (
				ACCEE9B227A7C8AC0090B386 /* Debug */,
				ACCEE9B327A7C8AC0090B386 /* Release */,
			);
			defaultConfigurationIsVisible = 0;
			defaultConfigurationName = Release;
		};
/* End XCConfigurationList section */
	};
	rootObject = ACCEE97927A7C76B0090B386 /* Project object */;
}
